
Microsoft Visual Studio Solution File, Format Version 12.00
# Visual Studio 15
VisualStudioVersion = 15.0.27130.2027
MinimumVisualStudioVersion = 10.0.40219.1
Project("{9A19103F-16F7-4668-BE54-9A1E7A4F7556}") = "Akka.Fluent.Config", "src\Akka.Fluent.Config.csproj", "{312CFE1D-E903-4DF3-8BBA-5A571A6597CF}"
EndProject
Global
	GlobalSection(SolutionConfigurationPlatforms) = preSolution
		Debug|Any CPU = Debug|Any CPU
		Release|Any CPU = Release|Any CPU
	EndGlobalSection
	GlobalSection(ProjectConfigurationPlatforms) = postSolution
		{312CFE1D-E903-4DF3-8BBA-5A571A6597CF}.Debug|Any CPU.ActiveCfg = Debug|Any CPU
		{312CFE1D-E903-4DF3-8BBA-5A571A6597CF}.Debug|Any CPU.Build.0 = Debug|Any CPU
		{312CFE1D-E903-4DF3-8BBA-5A571A6597CF}.Release|Any CPU.ActiveCfg = Release|Any CPU
		{312CFE1D-E903-4DF3-8BBA-5A571A6597CF}.Release|Any CPU.Build.0 = Release|Any CPU
	EndGlobalSection
	GlobalSection(SolutionProperties) = preSolution
		HideSolutionNode = FALSE
	EndGlobalSection
	GlobalSection(ExtensibilityGlobals) = postSolution
		SolutionGuid = {CD39B1ED-3C0C-4BC5-AE93-690AA2497F82}
	EndGlobalSection
EndGlobal
